
Microsoft Visual Studio Solution File, Format Version 12.00
# Visual Studio 14
VisualStudioVersion = 14.0.24720.0
MinimumVisualStudioVersion = 10.0.40219.1
Project("{FAE04EC0-301F-11D3-BF4B-00C04F79EFBC}") = "GrasshopperLive", "GrasshopperLive\GrasshopperLive.csproj", "{4B4B59F0-FD3C-41D6-93A7-3C976252EDC6}"
EndProject
Project("{FAE04EC0-301F-11D3-BF4B-00C04F79EFBC}") = "GrasshopperLive.Core", "GrasshopperLive.Core\GrasshopperLive.Core.csproj", "{9A65BFE5-B502-418D-B875-D0B58A2E0E59}"
EndProject
Global
	GlobalSection(SolutionConfigurationPlatforms) = preSolution
		Debug|Any CPU = Debug|Any CPU
		Release|Any CPU = Release|Any CPU
	EndGlobalSection
	GlobalSection(ProjectConfigurationPlatforms) = postSolution
		{4B4B59F0-FD3C-41D6-93A7-3C976252EDC6}.Debug|Any CPU.ActiveCfg = Debug|Any CPU
		{4B4B59F0-FD3C-41D6-93A7-3C976252EDC6}.Debug|Any CPU.Build.0 = Debug|Any CPU
		{4B4B59F0-FD3C-41D6-93A7-3C976252EDC6}.Release|Any CPU.ActiveCfg = Release|Any CPU
		{4B4B59F0-FD3C-41D6-93A7-3C976252EDC6}.Release|Any CPU.Build.0 = Release|Any CPU
		{9A65BFE5-B502-418D-B875-D0B58A2E0E59}.Debug|Any CPU.ActiveCfg = Debug|Any CPU
		{9A65BFE5-B502-418D-B875-D0B58A2E0E59}.Debug|Any CPU.Build.0 = Debug|Any CPU
		{9A65BFE5-B502-418D-B875-D0B58A2E0E59}.Release|Any CPU.ActiveCfg = Release|Any CPU
		{9A65BFE5-B502-418D-B875-D0B58A2E0E59}.Release|Any CPU.Build.0 = Release|Any CPU
	EndGlobalSection
	GlobalSection(SolutionProperties) = preSolution
		HideSolutionNode = FALSE
	EndGlobalSection
EndGlobal
